
Microsoft Visual Studio Solution File, Format Version 12.00
# Visual Studio 2012
Project("{FAE04EC0-301F-11D3-BF4B-00C04F79EFBC}") = "OdeToFood", "OdeToFood\OdeToFood.csproj", "{D82A850B-260F-4033-B479-483945431F86}"
EndProject
Project("{FAE04EC0-301F-11D3-BF4B-00C04F79EFBC}") = "OdeToFood.Tests", "OdeToFood.Tests\OdeToFood.Tests.csproj", "{4D8C7917-65A7-4EE3-99F3-C652F19FF381}"
EndProject
Project("{2150E333-8FDC-42A3-9474-1A3956D46DE8}") = ".nuget", ".nuget", "{AC70C12F-0893-4964-A11B-023AD438E18E}"
	ProjectSection(SolutionItems) = preProject
		.nuget\packages.config = .nuget\packages.config
	EndProjectSection
EndProject
Global
	GlobalSection(SolutionConfigurationPlatforms) = preSolution
		Debug|Any CPU = Debug|Any CPU
		Release|Any CPU = Release|Any CPU
	EndGlobalSection
	GlobalSection(ProjectConfigurationPlatforms) = postSolution
		{D82A850B-260F-4033-B479-483945431F86}.Debug|Any CPU.ActiveCfg = Debug|Any CPU
		{D82A850B-260F-4033-B479-483945431F86}.Debug|Any CPU.Build.0 = Debug|Any CPU
		{D82A850B-260F-4033-B479-483945431F86}.Release|Any CPU.ActiveCfg = Release|Any CPU
		{D82A850B-260F-4033-B479-483945431F86}.Release|Any CPU.Build.0 = Release|Any CPU
		{4D8C7917-65A7-4EE3-99F3-C652F19FF381}.Debug|Any CPU.ActiveCfg = Debug|Any CPU
		{4D8C7917-65A7-4EE3-99F3-C652F19FF381}.Debug|Any CPU.Build.0 = Debug|Any CPU
		{4D8C7917-65A7-4EE3-99F3-C652F19FF381}.Release|Any CPU.ActiveCfg = Release|Any CPU
		{4D8C7917-65A7-4EE3-99F3-C652F19FF381}.Release|Any CPU.Build.0 = Release|Any CPU
	EndGlobalSection
	GlobalSection(SolutionProperties) = preSolution
		HideSolutionNode = FALSE
	EndGlobalSection
EndGlobal
