
Microsoft Visual Studio Solution File, Format Version 12.00
# Visual Studio 2013
VisualStudioVersion = 12.0.40629.0
MinimumVisualStudioVersion = 10.0.40219.1
Project("{FAE04EC0-301F-11D3-BF4B-00C04F79EFBC}") = "Sixeyed.MessageQueue.Integration", "Sixeyed.MessageQueue.Integration\Sixeyed.MessageQueue.Integration.csproj", "{7F970F56-C093-49E2-9774-4C896446FB5F}"
EndProject
Project("{FAE04EC0-301F-11D3-BF4B-00C04F79EFBC}") = "Sixeyed.MessageQueue.Web", "Sixeyed.MessageQueue.Web\Sixeyed.MessageQueue.Web.csproj", "{D32B19AE-3ABF-441A-8730-5DE3061BB95F}"
EndProject
Project("{FAE04EC0-301F-11D3-BF4B-00C04F79EFBC}") = "Sixeyed.MessageQueue.Messages", "Sixeyed.MessageQueue.Messages\Sixeyed.MessageQueue.Messages.csproj", "{4F449647-261C-463E-B568-F29CEED78444}"
EndProject
Project("{FAE04EC0-301F-11D3-BF4B-00C04F79EFBC}") = "Sixeyed.MessageQueue.Handler", "Sixeyed.MessageQueue.Handler\Sixeyed.MessageQueue.Handler.csproj", "{02C664CC-82A8-495F-A01C-AC2C7E1B3405}"
EndProject
Project("{2150E333-8FDC-42A3-9474-1A3956D46DE8}") = ".nuget", ".nuget", "{3F69FDCB-824F-4C4D-9B9E-F57B6B257DAE}"
	ProjectSection(SolutionItems) = preProject
		.nuget\NuGet.Config = .nuget\NuGet.Config
		.nuget\NuGet.exe = .nuget\NuGet.exe
		.nuget\NuGet.targets = .nuget\NuGet.targets
	EndProjectSection
EndProject
Global
	GlobalSection(SolutionConfigurationPlatforms) = preSolution
		Debug|Any CPU = Debug|Any CPU
		Release|Any CPU = Release|Any CPU
	EndGlobalSection
	GlobalSection(ProjectConfigurationPlatforms) = postSolution
		{7F970F56-C093-49E2-9774-4C896446FB5F}.Debug|Any CPU.ActiveCfg = Debug|Any CPU
		{7F970F56-C093-49E2-9774-4C896446FB5F}.Debug|Any CPU.Build.0 = Debug|Any CPU
		{7F970F56-C093-49E2-9774-4C896446FB5F}.Release|Any CPU.ActiveCfg = Release|Any CPU
		{7F970F56-C093-49E2-9774-4C896446FB5F}.Release|Any CPU.Build.0 = Release|Any CPU
		{D32B19AE-3ABF-441A-8730-5DE3061BB95F}.Debug|Any CPU.ActiveCfg = Debug|Any CPU
		{D32B19AE-3ABF-441A-8730-5DE3061BB95F}.Debug|Any CPU.Build.0 = Debug|Any CPU
		{D32B19AE-3ABF-441A-8730-5DE3061BB95F}.Release|Any CPU.ActiveCfg = Release|Any CPU
		{D32B19AE-3ABF-441A-8730-5DE3061BB95F}.Release|Any CPU.Build.0 = Release|Any CPU
		{4F449647-261C-463E-B568-F29CEED78444}.Debug|Any CPU.ActiveCfg = Debug|Any CPU
		{4F449647-261C-463E-B568-F29CEED78444}.Debug|Any CPU.Build.0 = Debug|Any CPU
		{4F449647-261C-463E-B568-F29CEED78444}.Release|Any CPU.ActiveCfg = Release|Any CPU
		{4F449647-261C-463E-B568-F29CEED78444}.Release|Any CPU.Build.0 = Release|Any CPU
		{02C664CC-82A8-495F-A01C-AC2C7E1B3405}.Debug|Any CPU.ActiveCfg = Debug|Any CPU
		{02C664CC-82A8-495F-A01C-AC2C7E1B3405}.Debug|Any CPU.Build.0 = Debug|Any CPU
		{02C664CC-82A8-495F-A01C-AC2C7E1B3405}.Release|Any CPU.ActiveCfg = Release|Any CPU
		{02C664CC-82A8-495F-A01C-AC2C7E1B3405}.Release|Any CPU.Build.0 = Release|Any CPU
	EndGlobalSection
	GlobalSection(SolutionProperties) = preSolution
		HideSolutionNode = FALSE
	EndGlobalSection
EndGlobal
