
Microsoft Visual Studio Solution File, Format Version 12.00
# Visual Studio 2012
Project("{FAE04EC0-301F-11D3-BF4B-00C04F79EFBC}") = "RestaurantCentral", "RestaurantCentral\RestaurantCentral.csproj", "{5F644A90-DF7A-4F89-A68A-669F596EA709}"
EndProject
Project("{2150E333-8FDC-42A3-9474-1A3956D46DE8}") = ".nuget", ".nuget", "{B25A0592-1BF3-45EA-BC17-2DC4263856FB}"
	ProjectSection(SolutionItems) = preProject
		.nuget\packages.config = .nuget\packages.config
	EndProjectSection
EndProject
Project("{FAE04EC0-301F-11D3-BF4B-00C04F79EFBC}") = "RestaurantCentral.Test", "RestaurantCentral.Test\RestaurantCentral.Test.csproj", "{E89FECAC-87DA-407F-91C1-398676FFA279}"
EndProject
Global
	GlobalSection(SolutionConfigurationPlatforms) = preSolution
		Debug|Any CPU = Debug|Any CPU
		Release|Any CPU = Release|Any CPU
	EndGlobalSection
	GlobalSection(ProjectConfigurationPlatforms) = postSolution
		{5F644A90-DF7A-4F89-A68A-669F596EA709}.Debug|Any CPU.ActiveCfg = Debug|Any CPU
		{5F644A90-DF7A-4F89-A68A-669F596EA709}.Debug|Any CPU.Build.0 = Debug|Any CPU
		{5F644A90-DF7A-4F89-A68A-669F596EA709}.Release|Any CPU.ActiveCfg = Release|Any CPU
		{5F644A90-DF7A-4F89-A68A-669F596EA709}.Release|Any CPU.Build.0 = Release|Any CPU
		{E89FECAC-87DA-407F-91C1-398676FFA279}.Debug|Any CPU.ActiveCfg = Debug|Any CPU
		{E89FECAC-87DA-407F-91C1-398676FFA279}.Debug|Any CPU.Build.0 = Debug|Any CPU
		{E89FECAC-87DA-407F-91C1-398676FFA279}.Release|Any CPU.ActiveCfg = Release|Any CPU
		{E89FECAC-87DA-407F-91C1-398676FFA279}.Release|Any CPU.Build.0 = Release|Any CPU
	EndGlobalSection
	GlobalSection(SolutionProperties) = preSolution
		HideSolutionNode = FALSE
	EndGlobalSection
EndGlobal
